// !$*UTF8*$!
{
	archiveVersion = 1;
	classes = {
	};
	objectVersion = 50;
	objects = {

/* Begin PBXBuildFile section */
		7738AC0D22784ABE00CCAD84 /* Polygon.swift in Sources */ = {isa = PBXBuildFile; fileRef = 7738AC0C22784ABE00CCAD84 /* Polygon.swift */; };
		7738AC0F22784B8F00CCAD84 /* CurvilinearTriangle.swift in Sources */ = {isa = PBXBuildFile; fileRef = 7738AC0E22784B8F00CCAD84 /* CurvilinearTriangle.swift */; };
		7738AC1522784C0500CCAD84 /* bg1.jpg in Resources */ = {isa = PBXBuildFile; fileRef = 7738AC1022784C0400CCAD84 /* bg1.jpg */; };
		7738AC1622784C0500CCAD84 /* bg4.jpg in Resources */ = {isa = PBXBuildFile; fileRef = 7738AC1122784C0400CCAD84 /* bg4.jpg */; };
		7738AC1722784C0500CCAD84 /* bg3.jpg in Resources */ = {isa = PBXBuildFile; fileRef = 7738AC1222784C0400CCAD84 /* bg3.jpg */; };
		7738AC1822784C0500CCAD84 /* bg5.jpg in Resources */ = {isa = PBXBuildFile; fileRef = 7738AC1322784C0400CCAD84 /* bg5.jpg */; };
		7738AC1922784C0500CCAD84 /* bg2.jpg in Resources */ = {isa = PBXBuildFile; fileRef = 7738AC1422784C0500CCAD84 /* bg2.jpg */; };
		77E6CA4722784956004F6203 /* AppDelegate.swift in Sources */ = {isa = PBXBuildFile; fileRef = 77E6CA4622784956004F6203 /* AppDelegate.swift */; };
		77E6CA4922784956004F6203 /* ViewController.swift in Sources */ = {isa = PBXBuildFile; fileRef = 77E6CA4822784956004F6203 /* ViewController.swift */; };
		77E6CA4C22784956004F6203 /* Main.storyboard in Resources */ = {isa = PBXBuildFile; fileRef = 77E6CA4A22784956004F6203 /* Main.storyboard */; };
		77E6CA4E2278495A004F6203 /* Assets.xcassets in Resources */ = {isa = PBXBuildFile; fileRef = 77E6CA4D2278495A004F6203 /* Assets.xcassets */; };
		77E6CA512278495A004F6203 /* LaunchScreen.storyboard in Resources */ = {isa = PBXBuildFile; fileRef = 77E6CA4F2278495A004F6203 /* LaunchScreen.storyboard */; };
/* End PBXBuildFile section */

/* Begin PBXFileReference section */
		7738AC0C22784ABE00CCAD84 /* Polygon.swift */ = {isa = PBXFileReference; lastKnownFileType = sourcecode.swift; path = Polygon.swift; sourceTree = "<group>"; };
		7738AC0E22784B8F00CCAD84 /* CurvilinearTriangle.swift */ = {isa = PBXFileReference; lastKnownFileType = sourcecode.swift; path = CurvilinearTriangle.swift; sourceTree = "<group>"; };
		7738AC1022784C0400CCAD84 /* bg1.jpg */ = {isa = PBXFileReference; lastKnownFileType = image.jpeg; name = bg1.jpg; path = ../../Downloads/bg1.jpg; sourceTree = "<group>"; };
		7738AC1122784C0400CCAD84 /* bg4.jpg */ = {isa = PBXFileReference; lastKnownFileType = image.jpeg; name = bg4.jpg; path = ../../Downloads/bg4.jpg; sourceTree = "<group>"; };
		7738AC1222784C0400CCAD84 /* bg3.jpg */ = {isa = PBXFileReference; lastKnownFileType = image.jpeg; name = bg3.jpg; path = ../../Downloads/bg3.jpg; sourceTree = "<group>"; };
		7738AC1322784C0400CCAD84 /* bg5.jpg */ = {isa = PBXFileReference; lastKnownFileType = image.jpeg; name = bg5.jpg; path = ../../Downloads/bg5.jpg; sourceTree = "<group>"; };
		7738AC1422784C0500CCAD84 /* bg2.jpg */ = {isa = PBXFileReference; lastKnownFileType = image.jpeg; name = bg2.jpg; path = ../../Downloads/bg2.jpg; sourceTree = "<group>"; };
		77E6CA4322784956004F6203 /* task2.4.app */ = {isa = PBXFileReference; explicitFileType = wrapper.application; includeInIndex = 0; path = task2.4.app; sourceTree = BUILT_PRODUCTS_DIR; };
		77E6CA4622784956004F6203 /* AppDelegate.swift */ = {isa = PBXFileReference; lastKnownFileType = sourcecode.swift; path = AppDelegate.swift; sourceTree = "<group>"; };
		77E6CA4822784956004F6203 /* ViewController.swift */ = {isa = PBXFileReference; lastKnownFileType = sourcecode.swift; path = ViewController.swift; sourceTree = "<group>"; };
		77E6CA4B22784956004F6203 /* Base */ = {isa = PBXFileReference; lastKnownFileType = file.storyboard; name = Base; path = Base.lproj/Main.storyboard; sourceTree = "<group>"; };
		77E6CA4D2278495A004F6203 /* Assets.xcassets */ = {isa = PBXFileReference; lastKnownFileType = folder.assetcatalog; path = Assets.xcassets; sourceTree = "<group>"; };
		77E6CA502278495A004F6203 /* Base */ = {isa = PBXFileReference; lastKnownFileType = file.storyboard; name = Base; path = Base.lproj/LaunchScreen.storyboard; sourceTree = "<group>"; };
		77E6CA522278495A004F6203 /* Info.plist */ = {isa = PBXFileReference; lastKnownFileType = text.plist.xml; path = Info.plist; sourceTree = "<group>"; };
/* End PBXFileReference section */

/* Begin PBXFrameworksBuildPhase section */
		77E6CA4022784956004F6203 /* Frameworks */ = {
			isa = PBXFrameworksBuildPhase;
			buildActionMask = 2147483647;
			files = (
			);
			runOnlyForDeploymentPostprocessing = 0;
		};
/* End PBXFrameworksBuildPhase section */

/* Begin PBXGroup section */
		77E6CA3A22784956004F6203 = {
			isa = PBXGroup;
			children = (
				7738AC1022784C0400CCAD84 /* bg1.jpg */,
				7738AC1422784C0500CCAD84 /* bg2.jpg */,
				7738AC1222784C0400CCAD84 /* bg3.jpg */,
				7738AC1122784C0400CCAD84 /* bg4.jpg */,
				7738AC1322784C0400CCAD84 /* bg5.jpg */,
				77E6CA4522784956004F6203 /* task2.4 */,
				77E6CA4422784956004F6203 /* Products */,
			);
			sourceTree = "<group>";
		};
		77E6CA4422784956004F6203 /* Products */ = {
			isa = PBXGroup;
			children = (
				77E6CA4322784956004F6203 /* task2.4.app */,
			);
			name = Products;
			sourceTree = "<group>";
		};
		77E6CA4522784956004F6203 /* task2.4 */ = {
			isa = PBXGroup;
			children = (
				77E6CA5A227849A7004F6203 /* Controller */,
				77E6CA592278499D004F6203 /* View */,
				77E6CA5822784966004F6203 /* Model */,
				77E6CA4622784956004F6203 /* AppDelegate.swift */,
				77E6CA522278495A004F6203 /* Info.plist */,
			);
			path = task2.4;
			sourceTree = "<group>";
		};
		77E6CA5822784966004F6203 /* Model */ = {
			isa = PBXGroup;
			children = (
				7738AC0C22784ABE00CCAD84 /* Polygon.swift */,
				7738AC0E22784B8F00CCAD84 /* CurvilinearTriangle.swift */,
			);
			path = Model;
			sourceTree = "<group>";
		};
		77E6CA592278499D004F6203 /* View */ = {
			isa = PBXGroup;
			children = (
				77E6CA4F2278495A004F6203 /* LaunchScreen.storyboard */,
				77E6CA4A22784956004F6203 /* Main.storyboard */,
				77E6CA4D2278495A004F6203 /* Assets.xcassets */,
			);
			path = View;
			sourceTree = "<group>";
		};
		77E6CA5A227849A7004F6203 /* Controller */ = {
			isa = PBXGroup;
			children = (
				77E6CA4822784956004F6203 /* ViewController.swift */,
			);
			path = Controller;
			sourceTree = "<group>";
		};
/* End PBXGroup section */

/* Begin PBXNativeTarget section */
		77E6CA4222784956004F6203 /* task2.4 */ = {
			isa = PBXNativeTarget;
			buildConfigurationList = 77E6CA552278495A004F6203 /* Build configuration list for PBXNativeTarget "task2.4" */;
			buildPhases = (
				77E6CA3F22784956004F6203 /* Sources */,
				77E6CA4022784956004F6203 /* Frameworks */,
				77E6CA4122784956004F6203 /* Resources */,
			);
			buildRules = (
			);
			dependencies = (
			);
			name = task2.4;
			productName = task2.4;
			productReference = 77E6CA4322784956004F6203 /* task2.4.app */;
			productType = "com.apple.product-type.application";
		};
/* End PBXNativeTarget section */

/* Begin PBXProject section */
		77E6CA3B22784956004F6203 /* Project object */ = {
			isa = PBXProject;
			attributes = {
				LastSwiftUpdateCheck = 1010;
				LastUpgradeCheck = 1010;
				ORGANIZATIONNAME = Elizaveta;
				TargetAttributes = {
					77E6CA4222784956004F6203 = {
						CreatedOnToolsVersion = 10.1;
					};
				};
			};
			buildConfigurationList = 77E6CA3E22784956004F6203 /* Build configuration list for PBXProject "task2.4" */;
			compatibilityVersion = "Xcode 9.3";
			developmentRegion = en;
			hasScannedForEncodings = 0;
			knownRegions = (
				en,
				Base,
			);
			mainGroup = 77E6CA3A22784956004F6203;
			productRefGroup = 77E6CA4422784956004F6203 /* Products */;
			projectDirPath = "";
			projectRoot = "";
			targets = (
				77E6CA4222784956004F6203 /* task2.4 */,
			);
		};
/* End PBXProject section */

/* Begin PBXResourcesBuildPhase section */
		77E6CA4122784956004F6203 /* Resources */ = {
			isa = PBXResourcesBuildPhase;
			buildActionMask = 2147483647;
			files = (
				7738AC1522784C0500CCAD84 /* bg1.jpg in Resources */,
				7738AC1622784C0500CCAD84 /* bg4.jpg in Resources */,
				7738AC1722784C0500CCAD84 /* bg3.jpg in Resources */,
				7738AC1822784C0500CCAD84 /* bg5.jpg in Resources */,
				7738AC1922784C0500CCAD84 /* bg2.jpg in Resources */,
				77E6CA512278495A004F6203 /* LaunchScreen.storyboard in Resources */,
				77E6CA4E2278495A004F6203 /* Assets.xcassets in Resources */,
				77E6CA4C22784956004F6203 /* Main.storyboard in Resources */,
			);
			runOnlyForDeploymentPostprocessing = 0;
		};
/* End PBXResourcesBuildPhase section */

/* Begin PBXSourcesBuildPhase section */
		77E6CA3F22784956004F6203 /* Sources */ = {
			isa = PBXSourcesBuildPhase;
			buildActionMask = 2147483647;
			files = (
				77E6CA4922784956004F6203 /* ViewController.swift in Sources */,
				77E6CA4722784956004F6203 /* AppDelegate.swift in Sources */,
				7738AC0F22784B8F00CCAD84 /* CurvilinearTriangle.swift in Sources */,
				7738AC0D22784ABE00CCAD84 /* Polygon.swift in Sources */,
			);
			runOnlyForDeploymentPostprocessing = 0;
		};
/* End PBXSourcesBuildPhase section */

/* Begin PBXVariantGroup section */
		77E6CA4A22784956004F6203 /* Main.storyboard */ = {
			isa = PBXVariantGroup;
			children = (
				77E6CA4B22784956004F6203 /* Base */,
			);
			name = Main.storyboard;
			sourceTree = "<group>";
		};
		77E6CA4F2278495A004F6203 /* LaunchScreen.storyboard */ = {
			isa = PBXVariantGroup;
			children = (
				77E6CA502278495A004F6203 /* Base */,
			);
			name = LaunchScreen.storyboard;
			sourceTree = "<group>";
		};
/* End PBXVariantGroup section */

/* Begin XCBuildConfiguration section */
		77E6CA532278495A004F6203 /* Debug */ = {
			isa = XCBuildConfiguration;
			buildSettings = {
				ALWAYS_SEARCH_USER_PATHS = NO;
				CLANG_ANALYZER_NONNULL = YES;
				CLANG_ANALYZER_NUMBER_OBJECT_CONVERSION = YES_AGGRESSIVE;
				CLANG_CXX_LANGUAGE_STANDARD = "gnu++14";
				CLANG_CXX_LIBRARY = "libc++";
				CLANG_ENABLE_MODULES = YES;
				CLANG_ENABLE_OBJC_ARC = YES;
				CLANG_ENABLE_OBJC_WEAK = YES;
				CLANG_WARN_BLOCK_CAPTURE_AUTORELEASING = YES;
				CLANG_WARN_BOOL_CONVERSION = YES;
				CLANG_WARN_COMMA = YES;
				CLANG_WARN_CONSTANT_CONVERSION = YES;
				CLANG_WARN_DEPRECATED_OBJC_IMPLEMENTATIONS = YES;
				CLANG_WARN_DIRECT_OBJC_ISA_USAGE = YES_ERROR;
				CLANG_WARN_DOCUMENTATION_COMMENTS = YES;
				CLANG_WARN_EMPTY_BODY = YES;
				CLANG_WARN_ENUM_CONVERSION = YES;
				CLANG_WARN_INFINITE_RECURSION = YES;
				CLANG_WARN_INT_CONVERSION = YES;
				CLANG_WARN_NON_LITERAL_NULL_CONVERSION = YES;
				CLANG_WARN_OBJC_IMPLICIT_RETAIN_SELF = YES;
				CLANG_WARN_OBJC_LITERAL_CONVERSION = YES;
				CLANG_WARN_OBJC_ROOT_CLASS = YES_ERROR;
				CLANG_WARN_RANGE_LOOP_ANALYSIS = YES;
				CLANG_WARN_STRICT_PROTOTYPES = YES;
				CLANG_WARN_SUSPICIOUS_MOVE = YES;
				CLANG_WARN_UNGUARDED_AVAILABILITY = YES_AGGRESSIVE;
				CLANG_WARN_UNREACHABLE_CODE = YES;
				CLANG_WARN__DUPLICATE_METHOD_MATCH = YES;
				CODE_SIGN_IDENTITY = "iPhone Developer";
				COPY_PHASE_STRIP = NO;
				DEBUG_INFORMATION_FORMAT = dwarf;
				ENABLE_STRICT_OBJC_MSGSEND = YES;
				ENABLE_TESTABILITY = YES;
				GCC_C_LANGUAGE_STANDARD = gnu11;
				GCC_DYNAMIC_NO_PIC = NO;
				GCC_NO_COMMON_BLOCKS = YES;
				GCC_OPTIMIZATION_LEVEL = 0;
				GCC_PREPROCESSOR_DEFINITIONS = (
					"DEBUG=1",
					"$(inherited)",
				);
				GCC_WARN_64_TO_32_BIT_CONVERSION = YES;
				GCC_WARN_ABOUT_RETURN_TYPE = YES_ERROR;
				GCC_WARN_UNDECLARED_SELECTOR = YES;
				GCC_WARN_UNINITIALIZED_AUTOS = YES_AGGRESSIVE;
				GCC_WARN_UNUSED_FUNCTION = YES;
				GCC_WARN_UNUSED_VARIABLE = YES;
				IPHONEOS_DEPLOYMENT_TARGET = 12.1;
				MTL_ENABLE_DEBUG_INFO = INCLUDE_SOURCE;
				MTL_FAST_MATH = YES;
				ONLY_ACTIVE_ARCH = YES;
				SDKROOT = iphoneos;
				SWIFT_ACTIVE_COMPILATION_CONDITIONS = DEBUG;
				SWIFT_OPTIMIZATION_LEVEL = "-Onone";
			};
			name = Debug;
		};
		77E6CA542278495A004F6203 /* Release */ = {
			isa = XCBuildConfiguration;
			buildSettings = {
				ALWAYS_SEARCH_USER_PATHS = NO;
				CLANG_ANALYZER_NONNULL = YES;
				CLANG_ANALYZER_NUMBER_OBJECT_CONVERSION = YES_AGGRESSIVE;
				CLANG_CXX_LANGUAGE_STANDARD = "gnu++14";
				CLANG_CXX_LIBRARY = "libc++";
				CLANG_ENABLE_MODULES = YES;
				CLANG_ENABLE_OBJC_ARC = YES;
				CLANG_ENABLE_OBJC_WEAK = YES;
				CLANG_WARN_BLOCK_CAPTURE_AUTORELEASING = YES;
				CLANG_WARN_BOOL_CONVERSION = YES;
				CLANG_WARN_COMMA = YES;
				CLANG_WARN_CONSTANT_CONVERSION = YES;
				CLANG_WARN_DEPRECATED_OBJC_IMPLEMENTATIONS = YES;
				CLANG_WARN_DIRECT_OBJC_ISA_USAGE = YES_ERROR;
				CLANG_WARN_DOCUMENTATION_COMMENTS = YES;
				CLANG_WARN_EMPTY_BODY = YES;
				CLANG_WARN_ENUM_CONVERSION = YES;
				CLANG_WARN_INFINITE_RECURSION = YES;
				CLANG_WARN_INT_CONVERSION = YES;
				CLANG_WARN_NON_LITERAL_NULL_CONVERSION = YES;
				CLANG_WARN_OBJC_IMPLICIT_RETAIN_SELF = YES;
				CLANG_WARN_OBJC_LITERAL_CONVERSION = YES;
				CLANG_WARN_OBJC_ROOT_CLASS = YES_ERROR;
				CLANG_WARN_RANGE_LOOP_ANALYSIS = YES;
				CLANG_WARN_STRICT_PROTOTYPES = YES;
				CLANG_WARN_SUSPICIOUS_MOVE = YES;
				CLANG_WARN_UNGUARDED_AVAILABILITY = YES_AGGRESSIVE;
				CLANG_WARN_UNREACHABLE_CODE = YES;
				CLANG_WARN__DUPLICATE_METHOD_MATCH = YES;
				CODE_SIGN_IDENTITY = "iPhone Developer";
				COPY_PHASE_STRIP = NO;
				DEBUG_INFORMATION_FORMAT = "dwarf-with-dsym";
				ENABLE_NS_ASSERTIONS = NO;
				ENABLE_STRICT_OBJC_MSGSEND = YES;
				GCC_C_LANGUAGE_STANDARD = gnu11;
				GCC_NO_COMMON_BLOCKS = YES;
				GCC_WARN_64_TO_32_BIT_CONVERSION = YES;
				GCC_WARN_ABOUT_RETURN_TYPE = YES_ERROR;
				GCC_WARN_UNDECLARED_SELECTOR = YES;
				GCC_WARN_UNINITIALIZED_AUTOS = YES_AGGRESSIVE;
				GCC_WARN_UNUSED_FUNCTION = YES;
				GCC_WARN_UNUSED_VARIABLE = YES;
				IPHONEOS_DEPLOYMENT_TARGET = 12.1;
				MTL_ENABLE_DEBUG_INFO = NO;
				MTL_FAST_MATH = YES;
				SDKROOT = iphoneos;
				SWIFT_COMPILATION_MODE = wholemodule;
				SWIFT_OPTIMIZATION_LEVEL = "-O";
				VALIDATE_PRODUCT = YES;
			};
			name = Release;
		};
		77E6CA562278495A004F6203 /* Debug */ = {
			isa = XCBuildConfiguration;
			buildSettings = {
				ASSETCATALOG_COMPILER_APPICON_NAME = AppIcon;
				CODE_SIGN_STYLE = Automatic;
				DEVELOPMENT_TEAM = 44XRH465Q9;
				INFOPLIST_FILE = task2.4/Info.plist;
				LD_RUNPATH_SEARCH_PATHS = (
					"$(inherited)",
					"@executable_path/Frameworks",
				);
				PRODUCT_BUNDLE_IDENTIFIER = "liza.pavliv.task2-4";
				PRODUCT_NAME = "$(TARGET_NAME)";
				SWIFT_VERSION = 4.2;
				TARGETED_DEVICE_FAMILY = "1,2";
			};
			name = Debug;
		};
		77E6CA572278495A004F6203 /* Release */ = {
			isa = XCBuildConfiguration;
			buildSettings = {
				ASSETCATALOG_COMPILER_APPICON_NAME = AppIcon;
				CODE_SIGN_STYLE = Automatic;
				DEVELOPMENT_TEAM = 44XRH465Q9;
				INFOPLIST_FILE = task2.4/Info.plist;
				LD_RUNPATH_SEARCH_PATHS = (
					"$(inherited)",
					"@executable_path/Frameworks",
				);
				PRODUCT_BUNDLE_IDENTIFIER = "liza.pavliv.task2-4";
				PRODUCT_NAME = "$(TARGET_NAME)";
				SWIFT_VERSION = 4.2;
				TARGETED_DEVICE_FAMILY = "1,2";
			};
			name = Release;
		};
/* End XCBuildConfiguration section */

/* Begin XCConfigurationList section */
		77E6CA3E22784956004F6203 /* Build configuration list for PBXProject "task2.4" */ = {
			isa = XCConfigurationList;
			buildConfigurations = (
				77E6CA532278495A004F6203 /* Debug */,
				77E6CA542278495A004F6203 /* Release */,
			);
			defaultConfigurationIsVisible = 0;
			defaultConfigurationName = Release;
		};
		77E6CA552278495A004F6203 /* Build configuration list for PBXNativeTarget "task2.4" */ = {
			isa = XCConfigurationList;
			buildConfigurations = (
				77E6CA562278495A004F6203 /* Debug */,
				77E6CA572278495A004F6203 /* Release */,
			);
			defaultConfigurationIsVisible = 0;
			defaultConfigurationName = Release;
		};
/* End XCConfigurationList section */
	};
	rootObject = 77E6CA3B22784956004F6203 /* Project object */;
}
